
Microsoft Visual Studio Solution File, Format Version 12.00
# Visual Studio Version 16
VisualStudioVersion = 16.0.30114.105
MinimumVisualStudioVersion = 10.0.40219.1
Project("{888888A0-9F3D-457C-B088-3A5042F75D52}") = "PyGameSample", "PyGameSample.pyproj", "{E22E17A4-22D8-4668-B746-6C69405E8EFC}"
EndProject
Global
	GlobalSection(SolutionConfigurationPlatforms) = preSolution
		Debug|Any CPU = Debug|Any CPU
		Release|Any CPU = Release|Any CPU
	EndGlobalSection
	GlobalSection(ProjectConfigurationPlatforms) = postSolution
		{E22E17A4-22D8-4668-B746-6C69405E8EFC}.Debug|Any CPU.ActiveCfg = Debug|Any CPU
		{E22E17A4-22D8-4668-B746-6C69405E8EFC}.Release|Any CPU.ActiveCfg = Release|Any CPU
	EndGlobalSection
	GlobalSection(SolutionProperties) = preSolution
		HideSolutionNode = FALSE
	EndGlobalSection
	GlobalSection(ExtensibilityGlobals) = postSolution
		SolutionGuid = {0E6B181F-7D5C-4C2B-9F57-F79BA2A96E3E}
	EndGlobalSection
EndGlobal
